
Microsoft Visual Studio Solution File, Format Version 12.00
# Visual Studio Version 17
VisualStudioVersion = 17.9.34723.18
MinimumVisualStudioVersion = 10.0.40219.1
Project("{FAE04EC0-301F-11D3-BF4B-00C04F79EFBC}") = "MyIKEA", "MyIKEA\MyIKEA.csproj", "{2A3A6A28-02D3-46F9-A02D-DB7DEAEC4393}"
EndProject
Global
	GlobalSection(SolutionConfigurationPlatforms) = preSolution
		Debug|Any CPU = Debug|Any CPU
		Release|Any CPU = Release|Any CPU
	EndGlobalSection
	GlobalSection(ProjectConfigurationPlatforms) = postSolution
		{2A3A6A28-02D3-46F9-A02D-DB7DEAEC4393}.Debug|Any CPU.ActiveCfg = Debug|Any CPU
		{2A3A6A28-02D3-46F9-A02D-DB7DEAEC4393}.Debug|Any CPU.Build.0 = Debug|Any CPU
		{2A3A6A28-02D3-46F9-A02D-DB7DEAEC4393}.Release|Any CPU.ActiveCfg = Release|Any CPU
		{2A3A6A28-02D3-46F9-A02D-DB7DEAEC4393}.Release|Any CPU.Build.0 = Release|Any CPU
	EndGlobalSection
	GlobalSection(SolutionProperties) = preSolution
		HideSolutionNode = FALSE
	EndGlobalSection
	GlobalSection(ExtensibilityGlobals) = postSolution
		SolutionGuid = {3ED5A6B0-4061-4F23-A6AA-0791919183A7}
	EndGlobalSection
EndGlobal
